// !$*UTF8*$!
{
	archiveVersion = 1;
	classes = {
	};
	objectVersion = 50;
	objects = {

/* Begin PBXBuildFile section */
		FA117AE222A8E1BC00D5246E /* SingInViewController.swift in Sources */ = {isa = PBXBuildFile; fileRef = FA117AE122A8E1BC00D5246E /* SingInViewController.swift */; };
		FA117AE422A8E43200D5246E /* AppModelController.swift in Sources */ = {isa = PBXBuildFile; fileRef = FA117AE322A8E43200D5246E /* AppModelController.swift */; };
		FA117AE722A8F80800D5246E /* DictionaryExtension.swift in Sources */ = {isa = PBXBuildFile; fileRef = FA117AE622A8F80800D5246E /* DictionaryExtension.swift */; };
		FA117AE922AA4B7B00D5246E /* TaskTableViewController.swift in Sources */ = {isa = PBXBuildFile; fileRef = FA117AE822AA4B7B00D5246E /* TaskTableViewController.swift */; };
		FA3C9B4422A8D22900D35783 /* AppDelegate.swift in Sources */ = {isa = PBXBuildFile; fileRef = FA3C9B4322A8D22900D35783 /* AppDelegate.swift */; };
		FA3C9B4622A8D22900D35783 /* ViewController.swift in Sources */ = {isa = PBXBuildFile; fileRef = FA3C9B4522A8D22900D35783 /* ViewController.swift */; };
		FA3C9B4922A8D22900D35783 /* Main.storyboard in Resources */ = {isa = PBXBuildFile; fileRef = FA3C9B4722A8D22900D35783 /* Main.storyboard */; };
		FA3C9B4B22A8D22D00D35783 /* Assets.xcassets in Resources */ = {isa = PBXBuildFile; fileRef = FA3C9B4A22A8D22D00D35783 /* Assets.xcassets */; };
		FA3C9B4E22A8D22D00D35783 /* LaunchScreen.storyboard in Resources */ = {isa = PBXBuildFile; fileRef = FA3C9B4C22A8D22D00D35783 /* LaunchScreen.storyboard */; };
/* End PBXBuildFile section */

/* Begin PBXFileReference section */
		FA117AE122A8E1BC00D5246E /* SingInViewController.swift */ = {isa = PBXFileReference; lastKnownFileType = sourcecode.swift; path = SingInViewController.swift; sourceTree = "<group>"; };
		FA117AE322A8E43200D5246E /* AppModelController.swift */ = {isa = PBXFileReference; lastKnownFileType = sourcecode.swift; path = AppModelController.swift; sourceTree = "<group>"; };
		FA117AE622A8F80800D5246E /* DictionaryExtension.swift */ = {isa = PBXFileReference; lastKnownFileType = sourcecode.swift; path = DictionaryExtension.swift; sourceTree = "<group>"; };
		FA117AE822AA4B7B00D5246E /* TaskTableViewController.swift */ = {isa = PBXFileReference; lastKnownFileType = sourcecode.swift; path = TaskTableViewController.swift; sourceTree = "<group>"; };
		FA3C9B4022A8D22900D35783 /* TaskManager.app */ = {isa = PBXFileReference; explicitFileType = wrapper.application; includeInIndex = 0; path = TaskManager.app; sourceTree = BUILT_PRODUCTS_DIR; };
		FA3C9B4322A8D22900D35783 /* AppDelegate.swift */ = {isa = PBXFileReference; lastKnownFileType = sourcecode.swift; path = AppDelegate.swift; sourceTree = "<group>"; };
		FA3C9B4522A8D22900D35783 /* ViewController.swift */ = {isa = PBXFileReference; lastKnownFileType = sourcecode.swift; path = ViewController.swift; sourceTree = "<group>"; };
		FA3C9B4822A8D22900D35783 /* Base */ = {isa = PBXFileReference; lastKnownFileType = file.storyboard; name = Base; path = Base.lproj/Main.storyboard; sourceTree = "<group>"; };
		FA3C9B4A22A8D22D00D35783 /* Assets.xcassets */ = {isa = PBXFileReference; lastKnownFileType = folder.assetcatalog; path = Assets.xcassets; sourceTree = "<group>"; };
		FA3C9B4D22A8D22D00D35783 /* Base */ = {isa = PBXFileReference; lastKnownFileType = file.storyboard; name = Base; path = Base.lproj/LaunchScreen.storyboard; sourceTree = "<group>"; };
		FA3C9B4F22A8D22D00D35783 /* Info.plist */ = {isa = PBXFileReference; lastKnownFileType = text.plist.xml; path = Info.plist; sourceTree = "<group>"; };
/* End PBXFileReference section */

/* Begin PBXFrameworksBuildPhase section */
		FA3C9B3D22A8D22900D35783 /* Frameworks */ = {
			isa = PBXFrameworksBuildPhase;
			buildActionMask = 2147483647;
			files = (
			);
			runOnlyForDeploymentPostprocessing = 0;
		};
/* End PBXFrameworksBuildPhase section */

/* Begin PBXGroup section */
		FA117AE522A8F7DB00D5246E /* Extensions */ = {
			isa = PBXGroup;
			children = (
				FA117AE622A8F80800D5246E /* DictionaryExtension.swift */,
			);
			path = Extensions;
			sourceTree = "<group>";
		};
		FA3C9B3722A8D22800D35783 = {
			isa = PBXGroup;
			children = (
				FA3C9B4222A8D22900D35783 /* TaskManager */,
				FA3C9B4122A8D22900D35783 /* Products */,
			);
			sourceTree = "<group>";
		};
		FA3C9B4122A8D22900D35783 /* Products */ = {
			isa = PBXGroup;
			children = (
				FA3C9B4022A8D22900D35783 /* TaskManager.app */,
			);
			name = Products;
			sourceTree = "<group>";
		};
		FA3C9B4222A8D22900D35783 /* TaskManager */ = {
			isa = PBXGroup;
			children = (
				FA117AE522A8F7DB00D5246E /* Extensions */,
				FA3C9B5522A8DC3B00D35783 /* Controllers */,
				FA3C9B4322A8D22900D35783 /* AppDelegate.swift */,
				FA3C9B4522A8D22900D35783 /* ViewController.swift */,
				FA3C9B4722A8D22900D35783 /* Main.storyboard */,
				FA3C9B4A22A8D22D00D35783 /* Assets.xcassets */,
				FA3C9B4C22A8D22D00D35783 /* LaunchScreen.storyboard */,
				FA3C9B4F22A8D22D00D35783 /* Info.plist */,
			);
			path = TaskManager;
			sourceTree = "<group>";
		};
		FA3C9B5522A8DC3B00D35783 /* Controllers */ = {
			isa = PBXGroup;
			children = (
				FA117AE122A8E1BC00D5246E /* SingInViewController.swift */,
				FA117AE322A8E43200D5246E /* AppModelController.swift */,
				FA117AE822AA4B7B00D5246E /* TaskTableViewController.swift */,
			);
			path = Controllers;
			sourceTree = "<group>";
		};
/* End PBXGroup section */

/* Begin PBXNativeTarget section */
		FA3C9B3F22A8D22900D35783 /* TaskManager */ = {
			isa = PBXNativeTarget;
			buildConfigurationList = FA3C9B5222A8D22D00D35783 /* Build configuration list for PBXNativeTarget "TaskManager" */;
			buildPhases = (
				FA3C9B3C22A8D22900D35783 /* Sources */,
				FA3C9B3D22A8D22900D35783 /* Frameworks */,
				FA3C9B3E22A8D22900D35783 /* Resources */,
			);
			buildRules = (
			);
			dependencies = (
			);
			name = TaskManager;
			productName = TaskManager;
			productReference = FA3C9B4022A8D22900D35783 /* TaskManager.app */;
			productType = "com.apple.product-type.application";
		};
/* End PBXNativeTarget section */

/* Begin PBXProject section */
		FA3C9B3822A8D22800D35783 /* Project object */ = {
			isa = PBXProject;
			attributes = {
				LastSwiftUpdateCheck = 1020;
				LastUpgradeCheck = 1020;
				ORGANIZATIONNAME = alex;
				TargetAttributes = {
					FA3C9B3F22A8D22900D35783 = {
						CreatedOnToolsVersion = 10.2.1;
					};
				};
			};
			buildConfigurationList = FA3C9B3B22A8D22800D35783 /* Build configuration list for PBXProject "TaskManager" */;
			compatibilityVersion = "Xcode 9.3";
			developmentRegion = en;
			hasScannedForEncodings = 0;
			knownRegions = (
				en,
				Base,
			);
			mainGroup = FA3C9B3722A8D22800D35783;
			productRefGroup = FA3C9B4122A8D22900D35783 /* Products */;
			projectDirPath = "";
			projectRoot = "";
			targets = (
				FA3C9B3F22A8D22900D35783 /* TaskManager */,
			);
		};
/* End PBXProject section */

/* Begin PBXResourcesBuildPhase section */
		FA3C9B3E22A8D22900D35783 /* Resources */ = {
			isa = PBXResourcesBuildPhase;
			buildActionMask = 2147483647;
			files = (
				FA3C9B4E22A8D22D00D35783 /* LaunchScreen.storyboard in Resources */,
				FA3C9B4B22A8D22D00D35783 /* Assets.xcassets in Resources */,
				FA3C9B4922A8D22900D35783 /* Main.storyboard in Resources */,
			);
			runOnlyForDeploymentPostprocessing = 0;
		};
/* End PBXResourcesBuildPhase section */

/* Begin PBXSourcesBuildPhase section */
		FA3C9B3C22A8D22900D35783 /* Sources */ = {
			isa = PBXSourcesBuildPhase;
			buildActionMask = 2147483647;
			files = (
				FA117AE922AA4B7B00D5246E /* TaskTableViewController.swift in Sources */,
				FA117AE222A8E1BC00D5246E /* SingInViewController.swift in Sources */,
				FA117AE422A8E43200D5246E /* AppModelController.swift in Sources */,
				FA117AE722A8F80800D5246E /* DictionaryExtension.swift in Sources */,
				FA3C9B4622A8D22900D35783 /* ViewController.swift in Sources */,
				FA3C9B4422A8D22900D35783 /* AppDelegate.swift in Sources */,
			);
			runOnlyForDeploymentPostprocessing = 0;
		};
/* End PBXSourcesBuildPhase section */

/* Begin PBXVariantGroup section */
		FA3C9B4722A8D22900D35783 /* Main.storyboard */ = {
			isa = PBXVariantGroup;
			children = (
				FA3C9B4822A8D22900D35783 /* Base */,
			);
			name = Main.storyboard;
			sourceTree = "<group>";
		};
		FA3C9B4C22A8D22D00D35783 /* LaunchScreen.storyboard */ = {
			isa = PBXVariantGroup;
			children = (
				FA3C9B4D22A8D22D00D35783 /* Base */,
			);
			name = LaunchScreen.storyboard;
			sourceTree = "<group>";
		};
/* End PBXVariantGroup section */

/* Begin XCBuildConfiguration section */
		FA3C9B5022A8D22D00D35783 /* Debug */ = {
			isa = XCBuildConfiguration;
			buildSettings = {
				ALWAYS_SEARCH_USER_PATHS = NO;
				CLANG_ANALYZER_NONNULL = YES;
				CLANG_ANALYZER_NUMBER_OBJECT_CONVERSION = YES_AGGRESSIVE;
				CLANG_CXX_LANGUAGE_STANDARD = "gnu++14";
				CLANG_CXX_LIBRARY = "libc++";
				CLANG_ENABLE_MODULES = YES;
				CLANG_ENABLE_OBJC_ARC = YES;
				CLANG_ENABLE_OBJC_WEAK = YES;
				CLANG_WARN_BLOCK_CAPTURE_AUTORELEASING = YES;
				CLANG_WARN_BOOL_CONVERSION = YES;
				CLANG_WARN_COMMA = YES;
				CLANG_WARN_CONSTANT_CONVERSION = YES;
				CLANG_WARN_DEPRECATED_OBJC_IMPLEMENTATIONS = YES;
				CLANG_WARN_DIRECT_OBJC_ISA_USAGE = YES_ERROR;
				CLANG_WARN_DOCUMENTATION_COMMENTS = YES;
				CLANG_WARN_EMPTY_BODY = YES;
				CLANG_WARN_ENUM_CONVERSION = YES;
				CLANG_WARN_INFINITE_RECURSION = YES;
				CLANG_WARN_INT_CONVERSION = YES;
				CLANG_WARN_NON_LITERAL_NULL_CONVERSION = YES;
				CLANG_WARN_OBJC_IMPLICIT_RETAIN_SELF = YES;
				CLANG_WARN_OBJC_LITERAL_CONVERSION = YES;
				CLANG_WARN_OBJC_ROOT_CLASS = YES_ERROR;
				CLANG_WARN_RANGE_LOOP_ANALYSIS = YES;
				CLANG_WARN_STRICT_PROTOTYPES = YES;
				CLANG_WARN_SUSPICIOUS_MOVE = YES;
				CLANG_WARN_UNGUARDED_AVAILABILITY = YES_AGGRESSIVE;
				CLANG_WARN_UNREACHABLE_CODE = YES;
				CLANG_WARN__DUPLICATE_METHOD_MATCH = YES;
				CODE_SIGN_IDENTITY = "iPhone Developer";
				COPY_PHASE_STRIP = NO;
				DEBUG_INFORMATION_FORMAT = dwarf;
				ENABLE_STRICT_OBJC_MSGSEND = YES;
				ENABLE_TESTABILITY = YES;
				GCC_C_LANGUAGE_STANDARD = gnu11;
				GCC_DYNAMIC_NO_PIC = NO;
				GCC_NO_COMMON_BLOCKS = YES;
				GCC_OPTIMIZATION_LEVEL = 0;
				GCC_PREPROCESSOR_DEFINITIONS = (
					"DEBUG=1",
					"$(inherited)",
				);
				GCC_WARN_64_TO_32_BIT_CONVERSION = YES;
				GCC_WARN_ABOUT_RETURN_TYPE = YES_ERROR;
				GCC_WARN_UNDECLARED_SELECTOR = YES;
				GCC_WARN_UNINITIALIZED_AUTOS = YES_AGGRESSIVE;
				GCC_WARN_UNUSED_FUNCTION = YES;
				GCC_WARN_UNUSED_VARIABLE = YES;
				IPHONEOS_DEPLOYMENT_TARGET = 12.2;
				MTL_ENABLE_DEBUG_INFO = INCLUDE_SOURCE;
				MTL_FAST_MATH = YES;
				ONLY_ACTIVE_ARCH = YES;
				SDKROOT = iphoneos;
				SWIFT_ACTIVE_COMPILATION_CONDITIONS = DEBUG;
				SWIFT_OPTIMIZATION_LEVEL = "-Onone";
			};
			name = Debug;
		};
		FA3C9B5122A8D22D00D35783 /* Release */ = {
			isa = XCBuildConfiguration;
			buildSettings = {
				ALWAYS_SEARCH_USER_PATHS = NO;
				CLANG_ANALYZER_NONNULL = YES;
				CLANG_ANALYZER_NUMBER_OBJECT_CONVERSION = YES_AGGRESSIVE;
				CLANG_CXX_LANGUAGE_STANDARD = "gnu++14";
				CLANG_CXX_LIBRARY = "libc++";
				CLANG_ENABLE_MODULES = YES;
				CLANG_ENABLE_OBJC_ARC = YES;
				CLANG_ENABLE_OBJC_WEAK = YES;
				CLANG_WARN_BLOCK_CAPTURE_AUTORELEASING = YES;
				CLANG_WARN_BOOL_CONVERSION = YES;
				CLANG_WARN_COMMA = YES;
				CLANG_WARN_CONSTANT_CONVERSION = YES;
				CLANG_WARN_DEPRECATED_OBJC_IMPLEMENTATIONS = YES;
				CLANG_WARN_DIRECT_OBJC_ISA_USAGE = YES_ERROR;
				CLANG_WARN_DOCUMENTATION_COMMENTS = YES;
				CLANG_WARN_EMPTY_BODY = YES;
				CLANG_WARN_ENUM_CONVERSION = YES;
				CLANG_WARN_INFINITE_RECURSION = YES;
				CLANG_WARN_INT_CONVERSION = YES;
				CLANG_WARN_NON_LITERAL_NULL_CONVERSION = YES;
				CLANG_WARN_OBJC_IMPLICIT_RETAIN_SELF = YES;
				CLANG_WARN_OBJC_LITERAL_CONVERSION = YES;
				CLANG_WARN_OBJC_ROOT_CLASS = YES_ERROR;
				CLANG_WARN_RANGE_LOOP_ANALYSIS = YES;
				CLANG_WARN_STRICT_PROTOTYPES = YES;
				CLANG_WARN_SUSPICIOUS_MOVE = YES;
				CLANG_WARN_UNGUARDED_AVAILABILITY = YES_AGGRESSIVE;
				CLANG_WARN_UNREACHABLE_CODE = YES;
				CLANG_WARN__DUPLICATE_METHOD_MATCH = YES;
				CODE_SIGN_IDENTITY = "iPhone Developer";
				COPY_PHASE_STRIP = NO;
				DEBUG_INFORMATION_FORMAT = "dwarf-with-dsym";
				ENABLE_NS_ASSERTIONS = NO;
				ENABLE_STRICT_OBJC_MSGSEND = YES;
				GCC_C_LANGUAGE_STANDARD = gnu11;
				GCC_NO_COMMON_BLOCKS = YES;
				GCC_WARN_64_TO_32_BIT_CONVERSION = YES;
				GCC_WARN_ABOUT_RETURN_TYPE = YES_ERROR;
				GCC_WARN_UNDECLARED_SELECTOR = YES;
				GCC_WARN_UNINITIALIZED_AUTOS = YES_AGGRESSIVE;
				GCC_WARN_UNUSED_FUNCTION = YES;
				GCC_WARN_UNUSED_VARIABLE = YES;
				IPHONEOS_DEPLOYMENT_TARGET = 12.2;
				MTL_ENABLE_DEBUG_INFO = NO;
				MTL_FAST_MATH = YES;
				SDKROOT = iphoneos;
				SWIFT_COMPILATION_MODE = wholemodule;
				SWIFT_OPTIMIZATION_LEVEL = "-O";
				VALIDATE_PRODUCT = YES;
			};
			name = Release;
		};
		FA3C9B5322A8D22D00D35783 /* Debug */ = {
			isa = XCBuildConfiguration;
			buildSettings = {
				ASSETCATALOG_COMPILER_APPICON_NAME = AppIcon;
				CODE_SIGN_STYLE = Automatic;
				DEVELOPMENT_TEAM = M6RX6VBNC9;
				INFOPLIST_FILE = TaskManager/Info.plist;
				LD_RUNPATH_SEARCH_PATHS = (
					"$(inherited)",
					"@executable_path/Frameworks",
				);
				PRODUCT_BUNDLE_IDENTIFIER = "alex-pstu.ru.TaskManager";
				PRODUCT_NAME = "$(TARGET_NAME)";
				SWIFT_VERSION = 5.0;
				TARGETED_DEVICE_FAMILY = "1,2";
			};
			name = Debug;
		};
		FA3C9B5422A8D22D00D35783 /* Release */ = {
			isa = XCBuildConfiguration;
			buildSettings = {
				ASSETCATALOG_COMPILER_APPICON_NAME = AppIcon;
				CODE_SIGN_STYLE = Automatic;
				DEVELOPMENT_TEAM = M6RX6VBNC9;
				INFOPLIST_FILE = TaskManager/Info.plist;
				LD_RUNPATH_SEARCH_PATHS = (
					"$(inherited)",
					"@executable_path/Frameworks",
				);
				PRODUCT_BUNDLE_IDENTIFIER = "alex-pstu.ru.TaskManager";
				PRODUCT_NAME = "$(TARGET_NAME)";
				SWIFT_VERSION = 5.0;
				TARGETED_DEVICE_FAMILY = "1,2";
			};
			name = Release;
		};
/* End XCBuildConfiguration section */

/* Begin XCConfigurationList section */
		FA3C9B3B22A8D22800D35783 /* Build configuration list for PBXProject "TaskManager" */ = {
			isa = XCConfigurationList;
			buildConfigurations = (
				FA3C9B5022A8D22D00D35783 /* Debug */,
				FA3C9B5122A8D22D00D35783 /* Release */,
			);
			defaultConfigurationIsVisible = 0;
			defaultConfigurationName = Release;
		};
		FA3C9B5222A8D22D00D35783 /* Build configuration list for PBXNativeTarget "TaskManager" */ = {
			isa = XCConfigurationList;
			buildConfigurations = (
				FA3C9B5322A8D22D00D35783 /* Debug */,
				FA3C9B5422A8D22D00D35783 /* Release */,
			);
			defaultConfigurationIsVisible = 0;
			defaultConfigurationName = Release;
		};
/* End XCConfigurationList section */
	};
	rootObject = FA3C9B3822A8D22800D35783 /* Project object */;
}
